{
  "name": "vega-label-wordcloud",
  "version": "1.0.0",
  "lockfileVersion": 1,
  "requires": true,
  "dependencies": {
    "commander": {
      "version": "2.16.0",
      "resolved": "https://registry.npmjs.org/commander/-/commander-2.16.0.tgz",
      "integrity": "sha512-sVXqklSaotK9at437sFlFpyOcJonxe0yST/AG9DkQKUdIE6IqGIMv4SfAQSKaJbSdVEJYItASCrBiVQHq1HQew=="
    },
    "d3-array": {
      "version": "1.2.1",
      "resolved": "https://registry.npmjs.org/d3-array/-/d3-array-1.2.1.tgz",
      "integrity": "sha512-CyINJQ0SOUHojDdFDH4JEM0552vCR1utGyLHegJHyYH0JyCpSeTPxi4OBqHMA2jJZq4NH782LtaJWBImqI/HBw=="
    },
    "d3-collection": {
      "version": "1.0.4",
      "resolved": "https://registry.npmjs.org/d3-collection/-/d3-collection-1.0.4.tgz",
      "integrity": "sha1-NC39EoN8kJdPM/HMCnha6lcNzcI="
    },
    "d3-color": {
      "version": "1.2.0",
      "resolved": "https://registry.npmjs.org/d3-color/-/d3-color-1.2.0.tgz",
      "integrity": "sha512-dmL9Zr/v39aSSMnLOTd58in2RbregCg4UtGyUArvEKTTN6S3HKEy+ziBWVYo9PTzRyVW+pUBHUtRKz0HYX+SQg=="
    },
    "d3-dsv": {
      "version": "1.0.8",
      "resolved": "https://registry.npmjs.org/d3-dsv/-/d3-dsv-1.0.8.tgz",
      "integrity": "sha512-IVCJpQ+YGe3qu6odkPQI0KPqfxkhbP/oM1XhhE/DFiYmcXKfCRub4KXyiuehV1d4drjWVXHUWx4gHqhdZb6n/A==",
      "requires": {
        "commander": "2.16.0",
        "iconv-lite": "0.4.23",
        "rw": "1.3.3"
      }
    },
    "d3-format": {
      "version": "1.3.0",
      "resolved": "https://registry.npmjs.org/d3-format/-/d3-format-1.3.0.tgz",
      "integrity": "sha512-ycfLEIzHVZC3rOvuBOKVyQXSiUyCDjeAPIj9n/wugrr+s5AcTQC2Bz6aKkubG7rQaQF0SGW/OV4UEJB9nfioFg=="
    },
    "d3-interpolate": {
      "version": "1.2.0",
      "resolved": "https://registry.npmjs.org/d3-interpolate/-/d3-interpolate-1.2.0.tgz",
      "integrity": "sha512-zLvTk8CREPFfc/2XglPQriAsXkzoRDAyBzndtKJWrZmHw7kmOWHNS11e40kPTd/oGk8P5mFJW5uBbcFQ+ybxyA==",
      "requires": {
        "d3-color": "1.2.0"
      }
    },
    "d3-scale": {
      "version": "2.1.0",
      "resolved": "https://registry.npmjs.org/d3-scale/-/d3-scale-2.1.0.tgz",
      "integrity": "sha512-Bb2N3ZgzPdKVEoWGkt8lPV6R7YdpSBWI70Xf26NQHOVjs77a6gLUmBOOPt9d9nB8JiQhwXY1RHCa+eSyWCJZIQ==",
      "requires": {
        "d3-array": "1.2.1",
        "d3-collection": "1.0.4",
        "d3-format": "1.3.0",
        "d3-interpolate": "1.2.0",
        "d3-time": "1.0.8",
        "d3-time-format": "2.1.1"
      }
    },
    "d3-scale-chromatic": {
      "version": "1.3.0",
      "resolved": "https://registry.npmjs.org/d3-scale-chromatic/-/d3-scale-chromatic-1.3.0.tgz",
      "integrity": "sha512-YwMbiaW2bStWvQFByK8hA6hk7ToWflspIo2TRukCqERd8isiafEMBXmwfh8c7/0Z94mVvIzIveRLVC6RAjhgeA==",
      "requires": {
        "d3-color": "1.2.0",
        "d3-interpolate": "1.2.0"
      }
    },
    "d3-time": {
      "version": "1.0.8",
      "resolved": "https://registry.npmjs.org/d3-time/-/d3-time-1.0.8.tgz",
      "integrity": "sha512-YRZkNhphZh3KcnBfitvF3c6E0JOFGikHZ4YqD+Lzv83ZHn1/u6yGenRU1m+KAk9J1GnZMnKcrtfvSktlA1DXNQ=="
    },
    "d3-time-format": {
      "version": "2.1.1",
      "resolved": "https://registry.npmjs.org/d3-time-format/-/d3-time-format-2.1.1.tgz",
      "integrity": "sha512-8kAkymq2WMfzW7e+s/IUNAtN/y3gZXGRrdGfo6R8NKPAA85UBTxZg5E61bR6nLwjPjj4d3zywSQe1CkYLPFyrw==",
      "requires": {
        "d3-time": "1.0.8"
      }
    },
    "iconv-lite": {
      "version": "0.4.23",
      "resolved": "https://registry.npmjs.org/iconv-lite/-/iconv-lite-0.4.23.tgz",
      "integrity": "sha512-neyTUVFtahjf0mB3dZT77u+8O0QB89jFdnBkd5P1JgYPbPaia3gXXOVL2fq8VyU2gMMD7SaN7QukTB/pmXYvDA==",
      "requires": {
        "safer-buffer": "2.1.2"
      }
    },
    "node-fetch": {
      "version": "2.1.2",
      "resolved": "https://registry.npmjs.org/node-fetch/-/node-fetch-2.1.2.tgz",
      "integrity": "sha1-q4hOjn5X44qUR1POxwb3iNF2i7U="
    },
    "rw": {
      "version": "1.3.3",
      "resolved": "https://registry.npmjs.org/rw/-/rw-1.3.3.tgz",
      "integrity": "sha1-P4Yt+pGrdmsUiF700BEkv9oHT7Q="
    },
    "safer-buffer": {
      "version": "2.1.2",
      "resolved": "https://registry.npmjs.org/safer-buffer/-/safer-buffer-2.1.2.tgz",
      "integrity": "sha512-YZo3K82SD7Riyi0E1EQPojLz7kpepnSQI9IyPbHHg1XXXevb5dJI7tpyN2ADxGcQbHG7vcyRHk0cbwqcQriUtg=="
    },
    "topojson-client": {
      "version": "3.0.0",
      "resolved": "https://registry.npmjs.org/topojson-client/-/topojson-client-3.0.0.tgz",
      "integrity": "sha1-H5kpOnfvQqRI0DKoGqmCtz82DS8=",
      "requires": {
        "commander": "2.16.0"
      }
    },
    "vega-canvas": {
      "version": "1.1.0",
      "resolved": "https://registry.npmjs.org/vega-canvas/-/vega-canvas-1.1.0.tgz",
      "integrity": "sha512-0RBwjnrFf4VRhNm5ICY+o1/q6mynli+VheOXKGML9mElRsplZgzd/pv9NnNRNigU+M66Kr7zUpskoakh8EhW9Q=="
    },
    "vega-dataflow": {
      "version": "4.0.3",
      "resolved": "https://registry.npmjs.org/vega-dataflow/-/vega-dataflow-4.0.3.tgz",
      "integrity": "sha1-BT5pf9ciAym+WQPH9ADuZX4tL2o=",
      "requires": {
        "vega-loader": "3.0.1",
        "vega-util": "1.7.0"
      },
      "dependencies": {
        "vega-util": {
          "version": "1.7.0",
          "resolved": "https://registry.npmjs.org/vega-util/-/vega-util-1.7.0.tgz",
          "integrity": "sha512-IlmYqW0t3UP8AJX4QuOOm5cMPKPOUa8fSTcCvNkfVOR5zvMNFKCVhoZmJSXgcbEhkfboB+ysI2aaWOeW2kKBog=="
        }
      }
    },
    "vega-loader": {
      "version": "3.0.1",
      "resolved": "https://registry.npmjs.org/vega-loader/-/vega-loader-3.0.1.tgz",
      "integrity": "sha1-coQmtU503n28kdQY4FIwvH7iOog=",
      "requires": {
        "d3-dsv": "1.0.8",
        "d3-time-format": "2.1.1",
        "node-fetch": "2.1.2",
        "topojson-client": "3.0.0",
        "vega-util": "1.7.0"
      },
      "dependencies": {
        "vega-util": {
          "version": "1.7.0",
          "resolved": "https://registry.npmjs.org/vega-util/-/vega-util-1.7.0.tgz",
          "integrity": "sha512-IlmYqW0t3UP8AJX4QuOOm5cMPKPOUa8fSTcCvNkfVOR5zvMNFKCVhoZmJSXgcbEhkfboB+ysI2aaWOeW2kKBog=="
        }
      }
    },
    "vega-scale": {
      "version": "2.4.0",
      "resolved": "https://registry.npmjs.org/vega-scale/-/vega-scale-2.4.0.tgz",
      "integrity": "sha1-GEsRl55kNGPtRd+ukULkK1o17sw=",
      "requires": {
        "d3-array": "1.2.1",
        "d3-interpolate": "1.2.0",
        "d3-scale": "2.1.0",
        "d3-scale-chromatic": "1.3.0",
        "d3-time": "1.0.8",
        "vega-util": "1.7.0"
      }
    },
    "vega-statistics": {
      "version": "1.2.1",
      "resolved": "https://registry.npmjs.org/vega-statistics/-/vega-statistics-1.2.1.tgz",
      "integrity": "sha512-70CC6rbS1RFVEpKT/qOGHhHATeh92cB2gXnjg+zErrY8255cBlOW8X0s4iZBsoa4vibGXb42imyM+rxAwL1VPA==",
      "requires": {
        "d3-array": "1.2.1"
      }
    },
    "vega-util": {
      "version": "1.7.0",
      "resolved": "https://registry.npmjs.org/vega-util/-/vega-util-1.7.0.tgz",
      "integrity": "sha512-IlmYqW0t3UP8AJX4QuOOm5cMPKPOUa8fSTcCvNkfVOR5zvMNFKCVhoZmJSXgcbEhkfboB+ysI2aaWOeW2kKBog=="
    }
  }
}
